github.com/boltdb/bolt v1.3.1 h1:JQmyP4ZBrce+ZQu0dY660FMfatumYDLun9hBCUVIkF4=
github.com/boltdb/bolt v1.3.1/go.mod h1:clJnj/oiGkjum5o1McbSZDSLxVThjynRyGBgiAx27Ps=
golang.org/x/sys v0.0.0-20210309040221-94ec62e08169 h1:fpeMGRM6A+XFcw4RPCO8s8hH7ppgrGR22pSIjwM7YUI=
golang.org/x/sys v0.0.0-20210309040221-94ec62e08169/go.mod h1:h1NjWce9XRLGQEsW7wpKNCjG9DtNlClVuFLEZdDNbEs=
